
Microsoft Visual Studio Solution File, Format Version 12.00
Project("{FAE04EC0-301F-11D3-BF4B-00C04F79EFBC}") = "Spawn", "Spawn\Spawn.csproj", "{5A25FA2B-0C00-4F36-9B88-BECC1EE7DECB}"
EndProject
Project("{2150E333-8FDC-42A3-9474-1A3956D46DE8}") = "shared", "shared", "{9C7ED552-7931-457D-BC21-A168D6A86E4E}"
	ProjectSection(SolutionItems) = preProject
		docker-compose.yml = docker-compose.yml
	EndProjectSection
EndProject
Global
	GlobalSection(SolutionConfigurationPlatforms) = preSolution
		Debug|Any CPU = Debug|Any CPU
		Release|Any CPU = Release|Any CPU
	EndGlobalSection
	GlobalSection(ProjectConfigurationPlatforms) = postSolution
		{5A25FA2B-0C00-4F36-9B88-BECC1EE7DECB}.Debug|Any CPU.ActiveCfg = Debug|Any CPU
		{5A25FA2B-0C00-4F36-9B88-BECC1EE7DECB}.Debug|Any CPU.Build.0 = Debug|Any CPU
		{5A25FA2B-0C00-4F36-9B88-BECC1EE7DECB}.Release|Any CPU.ActiveCfg = Release|Any CPU
		{5A25FA2B-0C00-4F36-9B88-BECC1EE7DECB}.Release|Any CPU.Build.0 = Release|Any CPU
	EndGlobalSection
EndGlobal
